{
  "originHash" : "8289b2df6155fdd38d3ab61380cf0bd0f1892d6a2de5e7240f300222be54794f",
  "pins" : [
    {
      "identity" : "swift-subprocess",
      "kind" : "remoteSourceControl",
      "location" : "https://github.com/swiftlang/swift-subprocess.git",
      "state" : {
        "revision" : "44be5d56aa4b26dc2003a67c0288a6a68366a87d",
        "version" : "0.1.0"
      }
    },
    {
      "identity" : "swift-system",
      "kind" : "remoteSourceControl",
      "location" : "https://github.com/apple/swift-system",
      "state" : {
        "revision" : "61e4ca4b81b9e09e2ec863b00c340eb13497dac6",
        "version" : "1.5.0"
      }
    }
  ],
  "version" : 3
}
